// !$*UTF8*$!
{
	archiveVersion = 1;
	classes = {
	};
	objectVersion = 50;
	objects = {

/* Begin PBXBuildFile section */
		889FB2C821C581AD0025D0DD /* AppDelegate.swift in Sources */ = {isa = PBXBuildFile; fileRef = 889FB2C721C581AD0025D0DD /* AppDelegate.swift */; };
		889FB2CA21C581B00025D0DD /* Assets.xcassets in Resources */ = {isa = PBXBuildFile; fileRef = 889FB2C921C581B00025D0DD /* Assets.xcassets */; };
		889FB2CD21C581B00025D0DD /* MainMenu.xib in Resources */ = {isa = PBXBuildFile; fileRef = 889FB2CB21C581B00025D0DD /* MainMenu.xib */; };
		889FB30221C585260025D0DD /* dice5.tiff in Resources */ = {isa = PBXBuildFile; fileRef = 889FB2F321C585230025D0DD /* dice5.tiff */; };
		889FB30321C585260025D0DD /* dice1@2x.tiff in Resources */ = {isa = PBXBuildFile; fileRef = 889FB2F421C585240025D0DD /* dice1@2x.tiff */; };
		889FB30421C585260025D0DD /* dice3.tiff in Resources */ = {isa = PBXBuildFile; fileRef = 889FB2F521C585240025D0DD /* dice3.tiff */; };
		889FB30521C585260025D0DD /* dice3@2x.tiff in Resources */ = {isa = PBXBuildFile; fileRef = 889FB2F621C585240025D0DD /* dice3@2x.tiff */; };
		889FB30621C585260025D0DD /* dice1.tiff in Resources */ = {isa = PBXBuildFile; fileRef = 889FB2F721C585240025D0DD /* dice1.tiff */; };
		889FB30721C585260025D0DD /* dice4@2x.tiff in Resources */ = {isa = PBXBuildFile; fileRef = 889FB2F821C585240025D0DD /* dice4@2x.tiff */; };
		889FB30821C585260025D0DD /* dice2.tiff in Resources */ = {isa = PBXBuildFile; fileRef = 889FB2F921C585240025D0DD /* dice2.tiff */; };
		889FB30921C585260025D0DD /* dice6@2x.tiff in Resources */ = {isa = PBXBuildFile; fileRef = 889FB2FA21C585250025D0DD /* dice6@2x.tiff */; };
		889FB30A21C585260025D0DD /* dice2@2x.tiff in Resources */ = {isa = PBXBuildFile; fileRef = 889FB2FB21C585250025D0DD /* dice2@2x.tiff */; };
		889FB30B21C585260025D0DD /* dice4.tiff in Resources */ = {isa = PBXBuildFile; fileRef = 889FB2FC21C585250025D0DD /* dice4.tiff */; };
		889FB30C21C585260025D0DD /* dice6.tiff in Resources */ = {isa = PBXBuildFile; fileRef = 889FB2FD21C585250025D0DD /* dice6.tiff */; };
		889FB30D21C585260025D0DD /* juggler.gif in Resources */ = {isa = PBXBuildFile; fileRef = 889FB2FE21C585250025D0DD /* juggler.gif */; };
		889FB30E21C585260025D0DD /* dice0@2x.tiff in Resources */ = {isa = PBXBuildFile; fileRef = 889FB2FF21C585250025D0DD /* dice0@2x.tiff */; };
		889FB30F21C585260025D0DD /* dice5@2x.tiff in Resources */ = {isa = PBXBuildFile; fileRef = 889FB30021C585260025D0DD /* dice5@2x.tiff */; };
		889FB31021C585260025D0DD /* dice0.tiff in Resources */ = {isa = PBXBuildFile; fileRef = 889FB30121C585260025D0DD /* dice0.tiff */; };
/* End PBXBuildFile section */

/* Begin PBXFileReference section */
		889FB2C421C581AD0025D0DD /* Dice.app */ = {isa = PBXFileReference; explicitFileType = wrapper.application; includeInIndex = 0; path = Dice.app; sourceTree = BUILT_PRODUCTS_DIR; };
		889FB2C721C581AD0025D0DD /* AppDelegate.swift */ = {isa = PBXFileReference; lastKnownFileType = sourcecode.swift; path = AppDelegate.swift; sourceTree = "<group>"; };
		889FB2C921C581B00025D0DD /* Assets.xcassets */ = {isa = PBXFileReference; lastKnownFileType = folder.assetcatalog; path = Assets.xcassets; sourceTree = "<group>"; };
		889FB2CC21C581B00025D0DD /* Base */ = {isa = PBXFileReference; lastKnownFileType = file.xib; name = Base; path = Base.lproj/MainMenu.xib; sourceTree = "<group>"; };
		889FB2CE21C581B00025D0DD /* Info.plist */ = {isa = PBXFileReference; lastKnownFileType = text.plist.xml; path = Info.plist; sourceTree = "<group>"; };
		889FB2CF21C581B00025D0DD /* Dice.entitlements */ = {isa = PBXFileReference; lastKnownFileType = text.plist.entitlements; path = Dice.entitlements; sourceTree = "<group>"; };
		889FB2F321C585230025D0DD /* dice5.tiff */ = {isa = PBXFileReference; lastKnownFileType = image.tiff; path = dice5.tiff; sourceTree = "<group>"; };
		889FB2F421C585240025D0DD /* dice1@2x.tiff */ = {isa = PBXFileReference; lastKnownFileType = image.tiff; path = "dice1@2x.tiff"; sourceTree = "<group>"; };
		889FB2F521C585240025D0DD /* dice3.tiff */ = {isa = PBXFileReference; lastKnownFileType = image.tiff; path = dice3.tiff; sourceTree = "<group>"; };
		889FB2F621C585240025D0DD /* dice3@2x.tiff */ = {isa = PBXFileReference; lastKnownFileType = image.tiff; path = "dice3@2x.tiff"; sourceTree = "<group>"; };
		889FB2F721C585240025D0DD /* dice1.tiff */ = {isa = PBXFileReference; lastKnownFileType = image.tiff; path = dice1.tiff; sourceTree = "<group>"; };
		889FB2F821C585240025D0DD /* dice4@2x.tiff */ = {isa = PBXFileReference; lastKnownFileType = image.tiff; path = "dice4@2x.tiff"; sourceTree = "<group>"; };
		889FB2F921C585240025D0DD /* dice2.tiff */ = {isa = PBXFileReference; lastKnownFileType = image.tiff; path = dice2.tiff; sourceTree = "<group>"; };
		889FB2FA21C585250025D0DD /* dice6@2x.tiff */ = {isa = PBXFileReference; lastKnownFileType = image.tiff; path = "dice6@2x.tiff"; sourceTree = "<group>"; };
		889FB2FB21C585250025D0DD /* dice2@2x.tiff */ = {isa = PBXFileReference; lastKnownFileType = image.tiff; path = "dice2@2x.tiff"; sourceTree = "<group>"; };
		889FB2FC21C585250025D0DD /* dice4.tiff */ = {isa = PBXFileReference; lastKnownFileType = image.tiff; path = dice4.tiff; sourceTree = "<group>"; };
		889FB2FD21C585250025D0DD /* dice6.tiff */ = {isa = PBXFileReference; lastKnownFileType = image.tiff; path = dice6.tiff; sourceTree = "<group>"; };
		889FB2FE21C585250025D0DD /* juggler.gif */ = {isa = PBXFileReference; lastKnownFileType = image.gif; path = juggler.gif; sourceTree = "<group>"; };
		889FB2FF21C585250025D0DD /* dice0@2x.tiff */ = {isa = PBXFileReference; lastKnownFileType = image.tiff; path = "dice0@2x.tiff"; sourceTree = "<group>"; };
		889FB30021C585260025D0DD /* dice5@2x.tiff */ = {isa = PBXFileReference; lastKnownFileType = image.tiff; path = "dice5@2x.tiff"; sourceTree = "<group>"; };
		889FB30121C585260025D0DD /* dice0.tiff */ = {isa = PBXFileReference; lastKnownFileType = image.tiff; path = dice0.tiff; sourceTree = "<group>"; };
/* End PBXFileReference section */

/* Begin PBXFrameworksBuildPhase section */
		889FB2C121C581AD0025D0DD /* Frameworks */ = {
			isa = PBXFrameworksBuildPhase;
			buildActionMask = 2147483647;
			files = (
			);
			runOnlyForDeploymentPostprocessing = 0;
		};
/* End PBXFrameworksBuildPhase section */

/* Begin PBXGroup section */
		889FB2BB21C581AD0025D0DD = {
			isa = PBXGroup;
			children = (
				889FB2C621C581AD0025D0DD /* Dice */,
				889FB2C521C581AD0025D0DD /* Products */,
			);
			sourceTree = "<group>";
		};
		889FB2C521C581AD0025D0DD /* Products */ = {
			isa = PBXGroup;
			children = (
				889FB2C421C581AD0025D0DD /* Dice.app */,
			);
			name = Products;
			sourceTree = "<group>";
		};
		889FB2C621C581AD0025D0DD /* Dice */ = {
			isa = PBXGroup;
			children = (
				889FB2C721C581AD0025D0DD /* AppDelegate.swift */,
				889FB2C921C581B00025D0DD /* Assets.xcassets */,
				889FB2CB21C581B00025D0DD /* MainMenu.xib */,
				889FB2CE21C581B00025D0DD /* Info.plist */,
				889FB2CF21C581B00025D0DD /* Dice.entitlements */,
				889FB30121C585260025D0DD /* dice0.tiff */,
				889FB2FF21C585250025D0DD /* dice0@2x.tiff */,
				889FB2F721C585240025D0DD /* dice1.tiff */,
				889FB2F421C585240025D0DD /* dice1@2x.tiff */,
				889FB2F921C585240025D0DD /* dice2.tiff */,
				889FB2FB21C585250025D0DD /* dice2@2x.tiff */,
				889FB2F521C585240025D0DD /* dice3.tiff */,
				889FB2F621C585240025D0DD /* dice3@2x.tiff */,
				889FB2FC21C585250025D0DD /* dice4.tiff */,
				889FB2F821C585240025D0DD /* dice4@2x.tiff */,
				889FB2F321C585230025D0DD /* dice5.tiff */,
				889FB30021C585260025D0DD /* dice5@2x.tiff */,
				889FB2FD21C585250025D0DD /* dice6.tiff */,
				889FB2FA21C585250025D0DD /* dice6@2x.tiff */,
				889FB2FE21C585250025D0DD /* juggler.gif */,
			);
			path = Dice;
			sourceTree = "<group>";
		};
/* End PBXGroup section */

/* Begin PBXNativeTarget section */
		889FB2C321C581AD0025D0DD /* Dice */ = {
			isa = PBXNativeTarget;
			buildConfigurationList = 889FB2D221C581B00025D0DD /* Build configuration list for PBXNativeTarget "Dice" */;
			buildPhases = (
				889FB2C021C581AD0025D0DD /* Sources */,
				889FB2C121C581AD0025D0DD /* Frameworks */,
				889FB2C221C581AD0025D0DD /* Resources */,
			);
			buildRules = (
			);
			dependencies = (
			);
			name = Dice;
			productName = Dice;
			productReference = 889FB2C421C581AD0025D0DD /* Dice.app */;
			productType = "com.apple.product-type.application";
		};
/* End PBXNativeTarget section */

/* Begin PBXProject section */
		889FB2BC21C581AD0025D0DD /* Project object */ = {
			isa = PBXProject;
			attributes = {
				LastSwiftUpdateCheck = 1010;
				LastUpgradeCheck = 1010;
				ORGANIZATIONNAME = "Not A Kitteh";
				TargetAttributes = {
					889FB2C321C581AD0025D0DD = {
						CreatedOnToolsVersion = 10.1;
					};
				};
			};
			buildConfigurationList = 889FB2BF21C581AD0025D0DD /* Build configuration list for PBXProject "Dice" */;
			compatibilityVersion = "Xcode 9.3";
			developmentRegion = en;
			hasScannedForEncodings = 0;
			knownRegions = (
				en,
				Base,
			);
			mainGroup = 889FB2BB21C581AD0025D0DD;
			productRefGroup = 889FB2C521C581AD0025D0DD /* Products */;
			projectDirPath = "";
			projectRoot = "";
			targets = (
				889FB2C321C581AD0025D0DD /* Dice */,
			);
		};
/* End PBXProject section */

/* Begin PBXResourcesBuildPhase section */
		889FB2C221C581AD0025D0DD /* Resources */ = {
			isa = PBXResourcesBuildPhase;
			buildActionMask = 2147483647;
			files = (
				889FB30521C585260025D0DD /* dice3@2x.tiff in Resources */,
				889FB30A21C585260025D0DD /* dice2@2x.tiff in Resources */,
				889FB30B21C585260025D0DD /* dice4.tiff in Resources */,
				889FB30921C585260025D0DD /* dice6@2x.tiff in Resources */,
				889FB31021C585260025D0DD /* dice0.tiff in Resources */,
				889FB30C21C585260025D0DD /* dice6.tiff in Resources */,
				889FB30321C585260025D0DD /* dice1@2x.tiff in Resources */,
				889FB30E21C585260025D0DD /* dice0@2x.tiff in Resources */,
				889FB30221C585260025D0DD /* dice5.tiff in Resources */,
				889FB30F21C585260025D0DD /* dice5@2x.tiff in Resources */,
				889FB2CA21C581B00025D0DD /* Assets.xcassets in Resources */,
				889FB30621C585260025D0DD /* dice1.tiff in Resources */,
				889FB30D21C585260025D0DD /* juggler.gif in Resources */,
				889FB30421C585260025D0DD /* dice3.tiff in Resources */,
				889FB30821C585260025D0DD /* dice2.tiff in Resources */,
				889FB2CD21C581B00025D0DD /* MainMenu.xib in Resources */,
				889FB30721C585260025D0DD /* dice4@2x.tiff in Resources */,
			);
			runOnlyForDeploymentPostprocessing = 0;
		};
/* End PBXResourcesBuildPhase section */

/* Begin PBXSourcesBuildPhase section */
		889FB2C021C581AD0025D0DD /* Sources */ = {
			isa = PBXSourcesBuildPhase;
			buildActionMask = 2147483647;
			files = (
				889FB2C821C581AD0025D0DD /* AppDelegate.swift in Sources */,
			);
			runOnlyForDeploymentPostprocessing = 0;
		};
/* End PBXSourcesBuildPhase section */

/* Begin PBXVariantGroup section */
		889FB2CB21C581B00025D0DD /* MainMenu.xib */ = {
			isa = PBXVariantGroup;
			children = (
				889FB2CC21C581B00025D0DD /* Base */,
			);
			name = MainMenu.xib;
			sourceTree = "<group>";
		};
/* End PBXVariantGroup section */

/* Begin XCBuildConfiguration section */
		889FB2D021C581B00025D0DD /* Debug */ = {
			isa = XCBuildConfiguration;
			buildSettings = {
				ALWAYS_SEARCH_USER_PATHS = NO;
				CLANG_ANALYZER_NONNULL = YES;
				CLANG_ANALYZER_NUMBER_OBJECT_CONVERSION = YES_AGGRESSIVE;
				CLANG_CXX_LANGUAGE_STANDARD = "gnu++14";
				CLANG_CXX_LIBRARY = "libc++";
				CLANG_ENABLE_MODULES = YES;
				CLANG_ENABLE_OBJC_ARC = YES;
				CLANG_ENABLE_OBJC_WEAK = YES;
				CLANG_WARN_BLOCK_CAPTURE_AUTORELEASING = YES;
				CLANG_WARN_BOOL_CONVERSION = YES;
				CLANG_WARN_COMMA = YES;
				CLANG_WARN_CONSTANT_CONVERSION = YES;
				CLANG_WARN_DEPRECATED_OBJC_IMPLEMENTATIONS = YES;
				CLANG_WARN_DIRECT_OBJC_ISA_USAGE = YES_ERROR;
				CLANG_WARN_DOCUMENTATION_COMMENTS = YES;
				CLANG_WARN_EMPTY_BODY = YES;
				CLANG_WARN_ENUM_CONVERSION = YES;
				CLANG_WARN_INFINITE_RECURSION = YES;
				CLANG_WARN_INT_CONVERSION = YES;
				CLANG_WARN_NON_LITERAL_NULL_CONVERSION = YES;
				CLANG_WARN_OBJC_IMPLICIT_RETAIN_SELF = YES;
				CLANG_WARN_OBJC_LITERAL_CONVERSION = YES;
				CLANG_WARN_OBJC_ROOT_CLASS = YES_ERROR;
				CLANG_WARN_RANGE_LOOP_ANALYSIS = YES;
				CLANG_WARN_STRICT_PROTOTYPES = YES;
				CLANG_WARN_SUSPICIOUS_MOVE = YES;
				CLANG_WARN_UNGUARDED_AVAILABILITY = YES_AGGRESSIVE;
				CLANG_WARN_UNREACHABLE_CODE = YES;
				CLANG_WARN__DUPLICATE_METHOD_MATCH = YES;
				CODE_SIGN_IDENTITY = "-";
				COPY_PHASE_STRIP = NO;
				DEBUG_INFORMATION_FORMAT = dwarf;
				ENABLE_STRICT_OBJC_MSGSEND = YES;
				ENABLE_TESTABILITY = YES;
				GCC_C_LANGUAGE_STANDARD = gnu11;
				GCC_DYNAMIC_NO_PIC = NO;
				GCC_NO_COMMON_BLOCKS = YES;
				GCC_OPTIMIZATION_LEVEL = 0;
				GCC_PREPROCESSOR_DEFINITIONS = (
					"DEBUG=1",
					"$(inherited)",
				);
				GCC_WARN_64_TO_32_BIT_CONVERSION = YES;
				GCC_WARN_ABOUT_RETURN_TYPE = YES_ERROR;
				GCC_WARN_UNDECLARED_SELECTOR = YES;
				GCC_WARN_UNINITIALIZED_AUTOS = YES_AGGRESSIVE;
				GCC_WARN_UNUSED_FUNCTION = YES;
				GCC_WARN_UNUSED_VARIABLE = YES;
				MACOSX_DEPLOYMENT_TARGET = 10.14;
				MTL_ENABLE_DEBUG_INFO = INCLUDE_SOURCE;
				MTL_FAST_MATH = YES;
				ONLY_ACTIVE_ARCH = YES;
				SDKROOT = macosx;
				SWIFT_ACTIVE_COMPILATION_CONDITIONS = DEBUG;
				SWIFT_OPTIMIZATION_LEVEL = "-Onone";
			};
			name = Debug;
		};
		889FB2D121C581B00025D0DD /* Release */ = {
			isa = XCBuildConfiguration;
			buildSettings = {
				ALWAYS_SEARCH_USER_PATHS = NO;
				CLANG_ANALYZER_NONNULL = YES;
				CLANG_ANALYZER_NUMBER_OBJECT_CONVERSION = YES_AGGRESSIVE;
				CLANG_CXX_LANGUAGE_STANDARD = "gnu++14";
				CLANG_CXX_LIBRARY = "libc++";
				CLANG_ENABLE_MODULES = YES;
				CLANG_ENABLE_OBJC_ARC = YES;
				CLANG_ENABLE_OBJC_WEAK = YES;
				CLANG_WARN_BLOCK_CAPTURE_AUTORELEASING = YES;
				CLANG_WARN_BOOL_CONVERSION = YES;
				CLANG_WARN_COMMA = YES;
				CLANG_WARN_CONSTANT_CONVERSION = YES;
				CLANG_WARN_DEPRECATED_OBJC_IMPLEMENTATIONS = YES;
				CLANG_WARN_DIRECT_OBJC_ISA_USAGE = YES_ERROR;
				CLANG_WARN_DOCUMENTATION_COMMENTS = YES;
				CLANG_WARN_EMPTY_BODY = YES;
				CLANG_WARN_ENUM_CONVERSION = YES;
				CLANG_WARN_INFINITE_RECURSION = YES;
				CLANG_WARN_INT_CONVERSION = YES;
				CLANG_WARN_NON_LITERAL_NULL_CONVERSION = YES;
				CLANG_WARN_OBJC_IMPLICIT_RETAIN_SELF = YES;
				CLANG_WARN_OBJC_LITERAL_CONVERSION = YES;
				CLANG_WARN_OBJC_ROOT_CLASS = YES_ERROR;
				CLANG_WARN_RANGE_LOOP_ANALYSIS = YES;
				CLANG_WARN_STRICT_PROTOTYPES = YES;
				CLANG_WARN_SUSPICIOUS_MOVE = YES;
				CLANG_WARN_UNGUARDED_AVAILABILITY = YES_AGGRESSIVE;
				CLANG_WARN_UNREACHABLE_CODE = YES;
				CLANG_WARN__DUPLICATE_METHOD_MATCH = YES;
				CODE_SIGN_IDENTITY = "-";
				COPY_PHASE_STRIP = NO;
				DEBUG_INFORMATION_FORMAT = "dwarf-with-dsym";
				ENABLE_NS_ASSERTIONS = NO;
				ENABLE_STRICT_OBJC_MSGSEND = YES;
				GCC_C_LANGUAGE_STANDARD = gnu11;
				GCC_NO_COMMON_BLOCKS = YES;
				GCC_WARN_64_TO_32_BIT_CONVERSION = YES;
				GCC_WARN_ABOUT_RETURN_TYPE = YES_ERROR;
				GCC_WARN_UNDECLARED_SELECTOR = YES;
				GCC_WARN_UNINITIALIZED_AUTOS = YES_AGGRESSIVE;
				GCC_WARN_UNUSED_FUNCTION = YES;
				GCC_WARN_UNUSED_VARIABLE = YES;
				MACOSX_DEPLOYMENT_TARGET = 10.14;
				MTL_ENABLE_DEBUG_INFO = NO;
				MTL_FAST_MATH = YES;
				SDKROOT = macosx;
				SWIFT_COMPILATION_MODE = wholemodule;
				SWIFT_OPTIMIZATION_LEVEL = "-O";
			};
			name = Release;
		};
		889FB2D321C581B00025D0DD /* Debug */ = {
			isa = XCBuildConfiguration;
			buildSettings = {
				ASSETCATALOG_COMPILER_APPICON_NAME = AppIcon;
				CODE_SIGN_ENTITLEMENTS = Dice/Dice.entitlements;
				CODE_SIGN_STYLE = Automatic;
				COMBINE_HIDPI_IMAGES = YES;
				INFOPLIST_FILE = Dice/Info.plist;
				LD_RUNPATH_SEARCH_PATHS = (
					"$(inherited)",
					"@executable_path/../Frameworks",
				);
				PRODUCT_BUNDLE_IDENTIFIER = com.thevoidsoftware.Dice;
				PRODUCT_NAME = "$(TARGET_NAME)";
				SWIFT_VERSION = 4.2;
			};
			name = Debug;
		};
		889FB2D421C581B00025D0DD /* Release */ = {
			isa = XCBuildConfiguration;
			buildSettings = {
				ASSETCATALOG_COMPILER_APPICON_NAME = AppIcon;
				CODE_SIGN_ENTITLEMENTS = Dice/Dice.entitlements;
				CODE_SIGN_STYLE = Automatic;
				COMBINE_HIDPI_IMAGES = YES;
				INFOPLIST_FILE = Dice/Info.plist;
				LD_RUNPATH_SEARCH_PATHS = (
					"$(inherited)",
					"@executable_path/../Frameworks",
				);
				PRODUCT_BUNDLE_IDENTIFIER = com.thevoidsoftware.Dice;
				PRODUCT_NAME = "$(TARGET_NAME)";
				SWIFT_VERSION = 4.2;
			};
			name = Release;
		};
/* End XCBuildConfiguration section */

/* Begin XCConfigurationList section */
		889FB2BF21C581AD0025D0DD /* Build configuration list for PBXProject "Dice" */ = {
			isa = XCConfigurationList;
			buildConfigurations = (
				889FB2D021C581B00025D0DD /* Debug */,
				889FB2D121C581B00025D0DD /* Release */,
			);
			defaultConfigurationIsVisible = 0;
			defaultConfigurationName = Release;
		};
		889FB2D221C581B00025D0DD /* Build configuration list for PBXNativeTarget "Dice" */ = {
			isa = XCConfigurationList;
			buildConfigurations = (
				889FB2D321C581B00025D0DD /* Debug */,
				889FB2D421C581B00025D0DD /* Release */,
			);
			defaultConfigurationIsVisible = 0;
			defaultConfigurationName = Release;
		};
/* End XCConfigurationList section */
	};
	rootObject = 889FB2BC21C581AD0025D0DD /* Project object */;
}
